
Microsoft Visual Studio Solution File, Format Version 12.00
# Visual Studio Version 16
VisualStudioVersion = 16.0.31410.357
MinimumVisualStudioVersion = 10.0.40219.1
Project("{FAE04EC0-301F-11D3-BF4B-00C04F79EFBC}") = "PracticeMVC", "PracticeMVC\PracticeMVC.csproj", "{2F918723-EC70-46FA-8A3E-F3ED0A9CB7E8}"
EndProject
Global
	GlobalSection(SolutionConfigurationPlatforms) = preSolution
		Debug|Any CPU = Debug|Any CPU
		Release|Any CPU = Release|Any CPU
	EndGlobalSection
	GlobalSection(ProjectConfigurationPlatforms) = postSolution
		{2F918723-EC70-46FA-8A3E-F3ED0A9CB7E8}.Debug|Any CPU.ActiveCfg = Debug|Any CPU
		{2F918723-EC70-46FA-8A3E-F3ED0A9CB7E8}.Debug|Any CPU.Build.0 = Debug|Any CPU
		{2F918723-EC70-46FA-8A3E-F3ED0A9CB7E8}.Release|Any CPU.ActiveCfg = Release|Any CPU
		{2F918723-EC70-46FA-8A3E-F3ED0A9CB7E8}.Release|Any CPU.Build.0 = Release|Any CPU
	EndGlobalSection
	GlobalSection(SolutionProperties) = preSolution
		HideSolutionNode = FALSE
	EndGlobalSection
	GlobalSection(ExtensibilityGlobals) = postSolution
		SolutionGuid = {F4E577B0-8DB3-4EAD-A0A1-111423BE9158}
	EndGlobalSection
EndGlobal
